// !$*UTF8*$!
{
	archiveVersion = 1;
	classes = {
	};
	objectVersion = 56;
	objects = {

/* Begin PBXBuildFile section */
		CEFF43E129ED8F9300FB652A /* AppDelegate.swift in Sources */ = {isa = PBXBuildFile; fileRef = CEFF43E029ED8F9300FB652A /* AppDelegate.swift */; };
		CEFF43E329ED8F9300FB652A /* SceneDelegate.swift in Sources */ = {isa = PBXBuildFile; fileRef = CEFF43E229ED8F9300FB652A /* SceneDelegate.swift */; };
		CEFF43EA29ED8F9A00FB652A /* Assets.xcassets in Resources */ = {isa = PBXBuildFile; fileRef = CEFF43E929ED8F9A00FB652A /* Assets.xcassets */; };
		CEFF43ED29ED8F9A00FB652A /* LaunchScreen.storyboard in Resources */ = {isa = PBXBuildFile; fileRef = CEFF43EB29ED8F9A00FB652A /* LaunchScreen.storyboard */; };
		CEFF43F629ED947F00FB652A /* ViewController.swift in Sources */ = {isa = PBXBuildFile; fileRef = CEFF43F529ED947F00FB652A /* ViewController.swift */; };
		CEFF43F829ED971D00FB652A /* ForgotPassViewController.swift in Sources */ = {isa = PBXBuildFile; fileRef = CEFF43F729ED971D00FB652A /* ForgotPassViewController.swift */; };
		CEFF43FA29ED973300FB652A /* HomeViewController.swift in Sources */ = {isa = PBXBuildFile; fileRef = CEFF43F929ED973300FB652A /* HomeViewController.swift */; };
		CEFF43FC29ED974500FB652A /* LoginViewController.swift in Sources */ = {isa = PBXBuildFile; fileRef = CEFF43FB29ED974500FB652A /* LoginViewController.swift */; };
		CEFF43FE29ED977D00FB652A /* RegisterViewController.swift in Sources */ = {isa = PBXBuildFile; fileRef = CEFF43FD29ED977D00FB652A /* RegisterViewController.swift */; };
		CEFF440029ED979400FB652A /* WebViewController.swift in Sources */ = {isa = PBXBuildFile; fileRef = CEFF43FF29ED979400FB652A /* WebViewController.swift */; };
		CEFF440429ED98FB00FB652A /* AuthHeaderView.swift in Sources */ = {isa = PBXBuildFile; fileRef = CEFF440329ED98FB00FB652A /* AuthHeaderView.swift */; };
		CEFF440629ED992C00FB652A /* CustomButton.swift in Sources */ = {isa = PBXBuildFile; fileRef = CEFF440529ED992C00FB652A /* CustomButton.swift */; };
		CEFF440829ED995900FB652A /* CustomTextField.swift in Sources */ = {isa = PBXBuildFile; fileRef = CEFF440729ED995900FB652A /* CustomTextField.swift */; };
		CEFF440A29EECCC000FB652A /* AlertManager.swift in Sources */ = {isa = PBXBuildFile; fileRef = CEFF440929EECCC000FB652A /* AlertManager.swift */; };
		CEFF440C29EED06F00FB652A /* GoogleService-Info.plist in Resources */ = {isa = PBXBuildFile; fileRef = CEFF440B29EED06E00FB652A /* GoogleService-Info.plist */; };
		CEFF440F29EED22B00FB652A /* FirebaseAuth in Frameworks */ = {isa = PBXBuildFile; productRef = CEFF440E29EED22B00FB652A /* FirebaseAuth */; };
		CEFF441129EED22B00FB652A /* FirebaseFirestore in Frameworks */ = {isa = PBXBuildFile; productRef = CEFF441029EED22B00FB652A /* FirebaseFirestore */; };
		CEFF441329EED22B00FB652A /* FirebaseStorage in Frameworks */ = {isa = PBXBuildFile; productRef = CEFF441229EED22B00FB652A /* FirebaseStorage */; };
		CEFF441529EEDDD300FB652A /* AuthService.swift in Sources */ = {isa = PBXBuildFile; fileRef = CEFF441429EEDDD300FB652A /* AuthService.swift */; };
		CEFF441829EEDFB700FB652A /* RegisterUserRequest.swift in Sources */ = {isa = PBXBuildFile; fileRef = CEFF441729EEDFB700FB652A /* RegisterUserRequest.swift */; };
		CEFF441A29EEE21500FB652A /* User.swift in Sources */ = {isa = PBXBuildFile; fileRef = CEFF441929EEE21500FB652A /* User.swift */; };
		CEFF441C29EEE23A00FB652A /* LoginUserRequest.swift in Sources */ = {isa = PBXBuildFile; fileRef = CEFF441B29EEE23A00FB652A /* LoginUserRequest.swift */; };
		CEFF441E29F042A600FB652A /* Validator.swift in Sources */ = {isa = PBXBuildFile; fileRef = CEFF441D29F042A600FB652A /* Validator.swift */; };
/* End PBXBuildFile section */

/* Begin PBXFileReference section */
		CEFF43DD29ED8F9300FB652A /* MasterFitness.app */ = {isa = PBXFileReference; explicitFileType = wrapper.application; includeInIndex = 0; path = MasterFitness.app; sourceTree = BUILT_PRODUCTS_DIR; };
		CEFF43E029ED8F9300FB652A /* AppDelegate.swift */ = {isa = PBXFileReference; lastKnownFileType = sourcecode.swift; path = AppDelegate.swift; sourceTree = "<group>"; };
		CEFF43E229ED8F9300FB652A /* SceneDelegate.swift */ = {isa = PBXFileReference; lastKnownFileType = sourcecode.swift; path = SceneDelegate.swift; sourceTree = "<group>"; };
		CEFF43E929ED8F9A00FB652A /* Assets.xcassets */ = {isa = PBXFileReference; lastKnownFileType = folder.assetcatalog; path = Assets.xcassets; sourceTree = "<group>"; };
		CEFF43EC29ED8F9A00FB652A /* Base */ = {isa = PBXFileReference; lastKnownFileType = file.storyboard; name = Base; path = Base.lproj/LaunchScreen.storyboard; sourceTree = "<group>"; };
		CEFF43EE29ED8F9A00FB652A /* Info.plist */ = {isa = PBXFileReference; lastKnownFileType = text.plist.xml; path = Info.plist; sourceTree = "<group>"; };
		CEFF43F529ED947F00FB652A /* ViewController.swift */ = {isa = PBXFileReference; lastKnownFileType = sourcecode.swift; path = ViewController.swift; sourceTree = "<group>"; };
		CEFF43F729ED971D00FB652A /* ForgotPassViewController.swift */ = {isa = PBXFileReference; lastKnownFileType = sourcecode.swift; path = ForgotPassViewController.swift; sourceTree = "<group>"; };
		CEFF43F929ED973300FB652A /* HomeViewController.swift */ = {isa = PBXFileReference; lastKnownFileType = sourcecode.swift; path = HomeViewController.swift; sourceTree = "<group>"; };
		CEFF43FB29ED974500FB652A /* LoginViewController.swift */ = {isa = PBXFileReference; lastKnownFileType = sourcecode.swift; path = LoginViewController.swift; sourceTree = "<group>"; };
		CEFF43FD29ED977D00FB652A /* RegisterViewController.swift */ = {isa = PBXFileReference; lastKnownFileType = sourcecode.swift; path = RegisterViewController.swift; sourceTree = "<group>"; };
		CEFF43FF29ED979400FB652A /* WebViewController.swift */ = {isa = PBXFileReference; lastKnownFileType = sourcecode.swift; path = WebViewController.swift; sourceTree = "<group>"; };
		CEFF440329ED98FB00FB652A /* AuthHeaderView.swift */ = {isa = PBXFileReference; lastKnownFileType = sourcecode.swift; path = AuthHeaderView.swift; sourceTree = "<group>"; };
		CEFF440529ED992C00FB652A /* CustomButton.swift */ = {isa = PBXFileReference; lastKnownFileType = sourcecode.swift; path = CustomButton.swift; sourceTree = "<group>"; };
		CEFF440729ED995900FB652A /* CustomTextField.swift */ = {isa = PBXFileReference; lastKnownFileType = sourcecode.swift; path = CustomTextField.swift; sourceTree = "<group>"; };
		CEFF440929EECCC000FB652A /* AlertManager.swift */ = {isa = PBXFileReference; lastKnownFileType = sourcecode.swift; path = AlertManager.swift; sourceTree = "<group>"; };
		CEFF440B29EED06E00FB652A /* GoogleService-Info.plist */ = {isa = PBXFileReference; fileEncoding = 4; lastKnownFileType = text.plist.xml; path = "GoogleService-Info.plist"; sourceTree = "<group>"; };
		CEFF441429EEDDD300FB652A /* AuthService.swift */ = {isa = PBXFileReference; lastKnownFileType = sourcecode.swift; path = AuthService.swift; sourceTree = "<group>"; };
		CEFF441729EEDFB700FB652A /* RegisterUserRequest.swift */ = {isa = PBXFileReference; lastKnownFileType = sourcecode.swift; path = RegisterUserRequest.swift; sourceTree = "<group>"; };
		CEFF441929EEE21500FB652A /* User.swift */ = {isa = PBXFileReference; lastKnownFileType = sourcecode.swift; path = User.swift; sourceTree = "<group>"; };
		CEFF441B29EEE23A00FB652A /* LoginUserRequest.swift */ = {isa = PBXFileReference; lastKnownFileType = sourcecode.swift; path = LoginUserRequest.swift; sourceTree = "<group>"; };
		CEFF441D29F042A600FB652A /* Validator.swift */ = {isa = PBXFileReference; lastKnownFileType = sourcecode.swift; path = Validator.swift; sourceTree = "<group>"; };
/* End PBXFileReference section */

/* Begin PBXFrameworksBuildPhase section */
		CEFF43DA29ED8F9300FB652A /* Frameworks */ = {
			isa = PBXFrameworksBuildPhase;
			buildActionMask = 2147483647;
			files = (
				CEFF440F29EED22B00FB652A /* FirebaseAuth in Frameworks */,
				CEFF441129EED22B00FB652A /* FirebaseFirestore in Frameworks */,
				CEFF441329EED22B00FB652A /* FirebaseStorage in Frameworks */,
			);
			runOnlyForDeploymentPostprocessing = 0;
		};
/* End PBXFrameworksBuildPhase section */

/* Begin PBXGroup section */
		CEFF43D429ED8F9300FB652A = {
			isa = PBXGroup;
			children = (
				CEFF43DF29ED8F9300FB652A /* MasterFitness */,
				CEFF43DE29ED8F9300FB652A /* Products */,
			);
			sourceTree = "<group>";
		};
		CEFF43DE29ED8F9300FB652A /* Products */ = {
			isa = PBXGroup;
			children = (
				CEFF43DD29ED8F9300FB652A /* MasterFitness.app */,
			);
			name = Products;
			sourceTree = "<group>";
		};
		CEFF43DF29ED8F9300FB652A /* MasterFitness */ = {
			isa = PBXGroup;
			children = (
				CEFF441629EEDF7E00FB652A /* Models */,
				CEFF440229ED98C200FB652A /* Views */,
				CEFF43F429ED945200FB652A /* Controller */,
				CEFF440129ED986700FB652A /* Supporting */,
				CEFF43EE29ED8F9A00FB652A /* Info.plist */,
				CEFF440929EECCC000FB652A /* AlertManager.swift */,
				CEFF441429EEDDD300FB652A /* AuthService.swift */,
				CEFF441D29F042A600FB652A /* Validator.swift */,
			);
			path = MasterFitness;
			sourceTree = "<group>";
		};
		CEFF43F429ED945200FB652A /* Controller */ = {
			isa = PBXGroup;
			children = (
				CEFF43F529ED947F00FB652A /* ViewController.swift */,
				CEFF43F729ED971D00FB652A /* ForgotPassViewController.swift */,
				CEFF43F929ED973300FB652A /* HomeViewController.swift */,
				CEFF43FB29ED974500FB652A /* LoginViewController.swift */,
				CEFF43FD29ED977D00FB652A /* RegisterViewController.swift */,
				CEFF43FF29ED979400FB652A /* WebViewController.swift */,
			);
			path = Controller;
			sourceTree = "<group>";
		};
		CEFF440129ED986700FB652A /* Supporting */ = {
			isa = PBXGroup;
			children = (
				CEFF440B29EED06E00FB652A /* GoogleService-Info.plist */,
				CEFF43E229ED8F9300FB652A /* SceneDelegate.swift */,
				CEFF43E929ED8F9A00FB652A /* Assets.xcassets */,
				CEFF43EB29ED8F9A00FB652A /* LaunchScreen.storyboard */,
				CEFF43E029ED8F9300FB652A /* AppDelegate.swift */,
			);
			path = Supporting;
			sourceTree = "<group>";
		};
		CEFF440229ED98C200FB652A /* Views */ = {
			isa = PBXGroup;
			children = (
				CEFF440329ED98FB00FB652A /* AuthHeaderView.swift */,
				CEFF440529ED992C00FB652A /* CustomButton.swift */,
				CEFF440729ED995900FB652A /* CustomTextField.swift */,
			);
			path = Views;
			sourceTree = "<group>";
		};
		CEFF441629EEDF7E00FB652A /* Models */ = {
			isa = PBXGroup;
			children = (
				CEFF441729EEDFB700FB652A /* RegisterUserRequest.swift */,
				CEFF441929EEE21500FB652A /* User.swift */,
				CEFF441B29EEE23A00FB652A /* LoginUserRequest.swift */,
			);
			path = Models;
			sourceTree = "<group>";
		};
/* End PBXGroup section */

/* Begin PBXNativeTarget section */
		CEFF43DC29ED8F9300FB652A /* MasterFitness */ = {
			isa = PBXNativeTarget;
			buildConfigurationList = CEFF43F129ED8F9A00FB652A /* Build configuration list for PBXNativeTarget "MasterFitness" */;
			buildPhases = (
				CEFF43D929ED8F9300FB652A /* Sources */,
				CEFF43DA29ED8F9300FB652A /* Frameworks */,
				CEFF43DB29ED8F9300FB652A /* Resources */,
			);
			buildRules = (
			);
			dependencies = (
			);
			name = MasterFitness;
			packageProductDependencies = (
				CEFF440E29EED22B00FB652A /* FirebaseAuth */,
				CEFF441029EED22B00FB652A /* FirebaseFirestore */,
				CEFF441229EED22B00FB652A /* FirebaseStorage */,
			);
			productName = MasterFitness;
			productReference = CEFF43DD29ED8F9300FB652A /* MasterFitness.app */;
			productType = "com.apple.product-type.application";
		};
/* End PBXNativeTarget section */

/* Begin PBXProject section */
		CEFF43D529ED8F9300FB652A /* Project object */ = {
			isa = PBXProject;
			attributes = {
				BuildIndependentTargetsInParallel = 1;
				LastSwiftUpdateCheck = 1420;
				LastUpgradeCheck = 1420;
				TargetAttributes = {
					CEFF43DC29ED8F9300FB652A = {
						CreatedOnToolsVersion = 14.2;
					};
				};
			};
			buildConfigurationList = CEFF43D829ED8F9300FB652A /* Build configuration list for PBXProject "MasterFitness" */;
			compatibilityVersion = "Xcode 14.0";
			developmentRegion = en;
			hasScannedForEncodings = 0;
			knownRegions = (
				en,
				Base,
			);
			mainGroup = CEFF43D429ED8F9300FB652A;
			packageReferences = (
				CEFF440D29EED22B00FB652A /* XCRemoteSwiftPackageReference "firebase-ios-sdk" */,
			);
			productRefGroup = CEFF43DE29ED8F9300FB652A /* Products */;
			projectDirPath = "";
			projectRoot = "";
			targets = (
				CEFF43DC29ED8F9300FB652A /* MasterFitness */,
			);
		};
/* End PBXProject section */

/* Begin PBXResourcesBuildPhase section */
		CEFF43DB29ED8F9300FB652A /* Resources */ = {
			isa = PBXResourcesBuildPhase;
			buildActionMask = 2147483647;
			files = (
				CEFF43ED29ED8F9A00FB652A /* LaunchScreen.storyboard in Resources */,
				CEFF43EA29ED8F9A00FB652A /* Assets.xcassets in Resources */,
				CEFF440C29EED06F00FB652A /* GoogleService-Info.plist in Resources */,
			);
			runOnlyForDeploymentPostprocessing = 0;
		};
/* End PBXResourcesBuildPhase section */

/* Begin PBXSourcesBuildPhase section */
		CEFF43D929ED8F9300FB652A /* Sources */ = {
			isa = PBXSourcesBuildPhase;
			buildActionMask = 2147483647;
			files = (
				CEFF43FC29ED974500FB652A /* LoginViewController.swift in Sources */,
				CEFF440829ED995900FB652A /* CustomTextField.swift in Sources */,
				CEFF441C29EEE23A00FB652A /* LoginUserRequest.swift in Sources */,
				CEFF43FA29ED973300FB652A /* HomeViewController.swift in Sources */,
				CEFF43FE29ED977D00FB652A /* RegisterViewController.swift in Sources */,
				CEFF43F829ED971D00FB652A /* ForgotPassViewController.swift in Sources */,
				CEFF440629ED992C00FB652A /* CustomButton.swift in Sources */,
				CEFF441529EEDDD300FB652A /* AuthService.swift in Sources */,
				CEFF440429ED98FB00FB652A /* AuthHeaderView.swift in Sources */,
				CEFF441A29EEE21500FB652A /* User.swift in Sources */,
				CEFF43F629ED947F00FB652A /* ViewController.swift in Sources */,
				CEFF440A29EECCC000FB652A /* AlertManager.swift in Sources */,
				CEFF441E29F042A600FB652A /* Validator.swift in Sources */,
				CEFF43E129ED8F9300FB652A /* AppDelegate.swift in Sources */,
				CEFF43E329ED8F9300FB652A /* SceneDelegate.swift in Sources */,
				CEFF440029ED979400FB652A /* WebViewController.swift in Sources */,
				CEFF441829EEDFB700FB652A /* RegisterUserRequest.swift in Sources */,
			);
			runOnlyForDeploymentPostprocessing = 0;
		};
/* End PBXSourcesBuildPhase section */

/* Begin PBXVariantGroup section */
		CEFF43EB29ED8F9A00FB652A /* LaunchScreen.storyboard */ = {
			isa = PBXVariantGroup;
			children = (
				CEFF43EC29ED8F9A00FB652A /* Base */,
			);
			name = LaunchScreen.storyboard;
			sourceTree = "<group>";
		};
/* End PBXVariantGroup section */

/* Begin XCBuildConfiguration section */
		CEFF43EF29ED8F9A00FB652A /* Debug */ = {
			isa = XCBuildConfiguration;
			buildSettings = {
				ALWAYS_SEARCH_USER_PATHS = NO;
				CLANG_ANALYZER_NONNULL = YES;
				CLANG_ANALYZER_NUMBER_OBJECT_CONVERSION = YES_AGGRESSIVE;
				CLANG_CXX_LANGUAGE_STANDARD = "gnu++20";
				CLANG_ENABLE_MODULES = YES;
				CLANG_ENABLE_OBJC_ARC = YES;
				CLANG_ENABLE_OBJC_WEAK = YES;
				CLANG_WARN_BLOCK_CAPTURE_AUTORELEASING = YES;
				CLANG_WARN_BOOL_CONVERSION = YES;
				CLANG_WARN_COMMA = YES;
				CLANG_WARN_CONSTANT_CONVERSION = YES;
				CLANG_WARN_DEPRECATED_OBJC_IMPLEMENTATIONS = YES;
				CLANG_WARN_DIRECT_OBJC_ISA_USAGE = YES_ERROR;
				CLANG_WARN_DOCUMENTATION_COMMENTS = YES;
				CLANG_WARN_EMPTY_BODY = YES;
				CLANG_WARN_ENUM_CONVERSION = YES;
				CLANG_WARN_INFINITE_RECURSION = YES;
				CLANG_WARN_INT_CONVERSION = YES;
				CLANG_WARN_NON_LITERAL_NULL_CONVERSION = YES;
				CLANG_WARN_OBJC_IMPLICIT_RETAIN_SELF = YES;
				CLANG_WARN_OBJC_LITERAL_CONVERSION = YES;
				CLANG_WARN_OBJC_ROOT_CLASS = YES_ERROR;
				CLANG_WARN_QUOTED_INCLUDE_IN_FRAMEWORK_HEADER = YES;
				CLANG_WARN_RANGE_LOOP_ANALYSIS = YES;
				CLANG_WARN_STRICT_PROTOTYPES = YES;
				CLANG_WARN_SUSPICIOUS_MOVE = YES;
				CLANG_WARN_UNGUARDED_AVAILABILITY = YES_AGGRESSIVE;
				CLANG_WARN_UNREACHABLE_CODE = YES;
				CLANG_WARN__DUPLICATE_METHOD_MATCH = YES;
				COPY_PHASE_STRIP = NO;
				DEBUG_INFORMATION_FORMAT = dwarf;
				ENABLE_STRICT_OBJC_MSGSEND = YES;
				ENABLE_TESTABILITY = YES;
				GCC_C_LANGUAGE_STANDARD = gnu11;
				GCC_DYNAMIC_NO_PIC = NO;
				GCC_NO_COMMON_BLOCKS = YES;
				GCC_OPTIMIZATION_LEVEL = 0;
				GCC_PREPROCESSOR_DEFINITIONS = (
					"DEBUG=1",
					"$(inherited)",
				);
				GCC_WARN_64_TO_32_BIT_CONVERSION = YES;
				GCC_WARN_ABOUT_RETURN_TYPE = YES_ERROR;
				GCC_WARN_UNDECLARED_SELECTOR = YES;
				GCC_WARN_UNINITIALIZED_AUTOS = YES_AGGRESSIVE;
				GCC_WARN_UNUSED_FUNCTION = YES;
				GCC_WARN_UNUSED_VARIABLE = YES;
				IPHONEOS_DEPLOYMENT_TARGET = 16.2;
				MTL_ENABLE_DEBUG_INFO = INCLUDE_SOURCE;
				MTL_FAST_MATH = YES;
				ONLY_ACTIVE_ARCH = YES;
				SDKROOT = iphoneos;
				SWIFT_ACTIVE_COMPILATION_CONDITIONS = DEBUG;
				SWIFT_OPTIMIZATION_LEVEL = "-Onone";
			};
			name = Debug;
		};
		CEFF43F029ED8F9A00FB652A /* Release */ = {
			isa = XCBuildConfiguration;
			buildSettings = {
				ALWAYS_SEARCH_USER_PATHS = NO;
				CLANG_ANALYZER_NONNULL = YES;
				CLANG_ANALYZER_NUMBER_OBJECT_CONVERSION = YES_AGGRESSIVE;
				CLANG_CXX_LANGUAGE_STANDARD = "gnu++20";
				CLANG_ENABLE_MODULES = YES;
				CLANG_ENABLE_OBJC_ARC = YES;
				CLANG_ENABLE_OBJC_WEAK = YES;
				CLANG_WARN_BLOCK_CAPTURE_AUTORELEASING = YES;
				CLANG_WARN_BOOL_CONVERSION = YES;
				CLANG_WARN_COMMA = YES;
				CLANG_WARN_CONSTANT_CONVERSION = YES;
				CLANG_WARN_DEPRECATED_OBJC_IMPLEMENTATIONS = YES;
				CLANG_WARN_DIRECT_OBJC_ISA_USAGE = YES_ERROR;
				CLANG_WARN_DOCUMENTATION_COMMENTS = YES;
				CLANG_WARN_EMPTY_BODY = YES;
				CLANG_WARN_ENUM_CONVERSION = YES;
				CLANG_WARN_INFINITE_RECURSION = YES;
				CLANG_WARN_INT_CONVERSION = YES;
				CLANG_WARN_NON_LITERAL_NULL_CONVERSION = YES;
				CLANG_WARN_OBJC_IMPLICIT_RETAIN_SELF = YES;
				CLANG_WARN_OBJC_LITERAL_CONVERSION = YES;
				CLANG_WARN_OBJC_ROOT_CLASS = YES_ERROR;
				CLANG_WARN_QUOTED_INCLUDE_IN_FRAMEWORK_HEADER = YES;
				CLANG_WARN_RANGE_LOOP_ANALYSIS = YES;
				CLANG_WARN_STRICT_PROTOTYPES = YES;
				CLANG_WARN_SUSPICIOUS_MOVE = YES;
				CLANG_WARN_UNGUARDED_AVAILABILITY = YES_AGGRESSIVE;
				CLANG_WARN_UNREACHABLE_CODE = YES;
				CLANG_WARN__DUPLICATE_METHOD_MATCH = YES;
				COPY_PHASE_STRIP = NO;
				DEBUG_INFORMATION_FORMAT = "dwarf-with-dsym";
				ENABLE_NS_ASSERTIONS = NO;
				ENABLE_STRICT_OBJC_MSGSEND = YES;
				GCC_C_LANGUAGE_STANDARD = gnu11;
				GCC_NO_COMMON_BLOCKS = YES;
				GCC_WARN_64_TO_32_BIT_CONVERSION = YES;
				GCC_WARN_ABOUT_RETURN_TYPE = YES_ERROR;
				GCC_WARN_UNDECLARED_SELECTOR = YES;
				GCC_WARN_UNINITIALIZED_AUTOS = YES_AGGRESSIVE;
				GCC_WARN_UNUSED_FUNCTION = YES;
				GCC_WARN_UNUSED_VARIABLE = YES;
				IPHONEOS_DEPLOYMENT_TARGET = 16.2;
				MTL_ENABLE_DEBUG_INFO = NO;
				MTL_FAST_MATH = YES;
				SDKROOT = iphoneos;
				SWIFT_COMPILATION_MODE = wholemodule;
				SWIFT_OPTIMIZATION_LEVEL = "-O";
				VALIDATE_PRODUCT = YES;
			};
			name = Release;
		};
		CEFF43F229ED8F9A00FB652A /* Debug */ = {
			isa = XCBuildConfiguration;
			buildSettings = {
				ASSETCATALOG_COMPILER_APPICON_NAME = AppIcon;
				ASSETCATALOG_COMPILER_GLOBAL_ACCENT_COLOR_NAME = AccentColor;
				CODE_SIGN_STYLE = Automatic;
				CURRENT_PROJECT_VERSION = 1;
				DEVELOPMENT_TEAM = 3566JSMF6R;
				GENERATE_INFOPLIST_FILE = YES;
				INFOPLIST_FILE = MasterFitness/Info.plist;
				INFOPLIST_KEY_UIApplicationSupportsIndirectInputEvents = YES;
				INFOPLIST_KEY_UILaunchStoryboardName = LaunchScreen;
				INFOPLIST_KEY_UIMainStoryboardFile = "";
				INFOPLIST_KEY_UISupportedInterfaceOrientations_iPad = "UIInterfaceOrientationPortrait UIInterfaceOrientationPortraitUpsideDown UIInterfaceOrientationLandscapeLeft UIInterfaceOrientationLandscapeRight";
				INFOPLIST_KEY_UISupportedInterfaceOrientations_iPhone = "UIInterfaceOrientationPortrait UIInterfaceOrientationLandscapeLeft UIInterfaceOrientationLandscapeRight";
				LD_RUNPATH_SEARCH_PATHS = (
					"$(inherited)",
					"@executable_path/Frameworks",
				);
				MARKETING_VERSION = 1.0;
				PRODUCT_BUNDLE_IDENTIFIER = com.coursework.masterfitness.MasterFitness;
				PRODUCT_NAME = "$(TARGET_NAME)";
				SWIFT_EMIT_LOC_STRINGS = YES;
				SWIFT_VERSION = 5.0;
				TARGETED_DEVICE_FAMILY = "1,2";
			};
			name = Debug;
		};
		CEFF43F329ED8F9A00FB652A /* Release */ = {
			isa = XCBuildConfiguration;
			buildSettings = {
				ASSETCATALOG_COMPILER_APPICON_NAME = AppIcon;
				ASSETCATALOG_COMPILER_GLOBAL_ACCENT_COLOR_NAME = AccentColor;
				CODE_SIGN_STYLE = Automatic;
				CURRENT_PROJECT_VERSION = 1;
				DEVELOPMENT_TEAM = 3566JSMF6R;
				GENERATE_INFOPLIST_FILE = YES;
				INFOPLIST_FILE = MasterFitness/Info.plist;
				INFOPLIST_KEY_UIApplicationSupportsIndirectInputEvents = YES;
				INFOPLIST_KEY_UILaunchStoryboardName = LaunchScreen;
				INFOPLIST_KEY_UIMainStoryboardFile = "";
				INFOPLIST_KEY_UISupportedInterfaceOrientations_iPad = "UIInterfaceOrientationPortrait UIInterfaceOrientationPortraitUpsideDown UIInterfaceOrientationLandscapeLeft UIInterfaceOrientationLandscapeRight";
				INFOPLIST_KEY_UISupportedInterfaceOrientations_iPhone = "UIInterfaceOrientationPortrait UIInterfaceOrientationLandscapeLeft UIInterfaceOrientationLandscapeRight";
				LD_RUNPATH_SEARCH_PATHS = (
					"$(inherited)",
					"@executable_path/Frameworks",
				);
				MARKETING_VERSION = 1.0;
				PRODUCT_BUNDLE_IDENTIFIER = com.coursework.masterfitness.MasterFitness;
				PRODUCT_NAME = "$(TARGET_NAME)";
				SWIFT_EMIT_LOC_STRINGS = YES;
				SWIFT_VERSION = 5.0;
				TARGETED_DEVICE_FAMILY = "1,2";
			};
			name = Release;
		};
/* End XCBuildConfiguration section */

/* Begin XCConfigurationList section */
		CEFF43D829ED8F9300FB652A /* Build configuration list for PBXProject "MasterFitness" */ = {
			isa = XCConfigurationList;
			buildConfigurations = (
				CEFF43EF29ED8F9A00FB652A /* Debug */,
				CEFF43F029ED8F9A00FB652A /* Release */,
			);
			defaultConfigurationIsVisible = 0;
			defaultConfigurationName = Release;
		};
		CEFF43F129ED8F9A00FB652A /* Build configuration list for PBXNativeTarget "MasterFitness" */ = {
			isa = XCConfigurationList;
			buildConfigurations = (
				CEFF43F229ED8F9A00FB652A /* Debug */,
				CEFF43F329ED8F9A00FB652A /* Release */,
			);
			defaultConfigurationIsVisible = 0;
			defaultConfigurationName = Release;
		};
/* End XCConfigurationList section */

/* Begin XCRemoteSwiftPackageReference section */
		CEFF440D29EED22B00FB652A /* XCRemoteSwiftPackageReference "firebase-ios-sdk" */ = {
			isa = XCRemoteSwiftPackageReference;
			repositoryURL = "https://github.com/firebase/firebase-ios-sdk";
			requirement = {
				kind = upToNextMajorVersion;
				minimumVersion = 9.0.0;
			};
		};
/* End XCRemoteSwiftPackageReference section */

/* Begin XCSwiftPackageProductDependency section */
		CEFF440E29EED22B00FB652A /* FirebaseAuth */ = {
			isa = XCSwiftPackageProductDependency;
			package = CEFF440D29EED22B00FB652A /* XCRemoteSwiftPackageReference "firebase-ios-sdk" */;
			productName = FirebaseAuth;
		};
		CEFF441029EED22B00FB652A /* FirebaseFirestore */ = {
			isa = XCSwiftPackageProductDependency;
			package = CEFF440D29EED22B00FB652A /* XCRemoteSwiftPackageReference "firebase-ios-sdk" */;
			productName = FirebaseFirestore;
		};
		CEFF441229EED22B00FB652A /* FirebaseStorage */ = {
			isa = XCSwiftPackageProductDependency;
			package = CEFF440D29EED22B00FB652A /* XCRemoteSwiftPackageReference "firebase-ios-sdk" */;
			productName = FirebaseStorage;
		};
/* End XCSwiftPackageProductDependency section */
	};
	rootObject = CEFF43D529ED8F9300FB652A /* Project object */;
}
